
Microsoft Visual Studio Solution File, Format Version 12.00
# Visual Studio Version 17
VisualStudioVersion = 17.0.32126.317
MinimumVisualStudioVersion = 10.0.40219.1
Project("{FAE04EC0-301F-11D3-BF4B-00C04F79EFBC}") = "RedisTest", "RedisTest.csproj", "{8AA0D7A3-9A08-4BBA-9FB4-471627B94453}"
EndProject
Global
	GlobalSection(SolutionConfigurationPlatforms) = preSolution
		Debug|Any CPU = Debug|Any CPU
		Release|Any CPU = Release|Any CPU
	EndGlobalSection
	GlobalSection(ProjectConfigurationPlatforms) = postSolution
		{8AA0D7A3-9A08-4BBA-9FB4-471627B94453}.Debug|Any CPU.ActiveCfg = Debug|Any CPU
		{8AA0D7A3-9A08-4BBA-9FB4-471627B94453}.Debug|Any CPU.Build.0 = Debug|Any CPU
		{8AA0D7A3-9A08-4BBA-9FB4-471627B94453}.Release|Any CPU.ActiveCfg = Release|Any CPU
		{8AA0D7A3-9A08-4BBA-9FB4-471627B94453}.Release|Any CPU.Build.0 = Release|Any CPU
	EndGlobalSection
	GlobalSection(SolutionProperties) = preSolution
		HideSolutionNode = FALSE
	EndGlobalSection
	GlobalSection(ExtensibilityGlobals) = postSolution
		SolutionGuid = {2430645A-254C-46DB-9C93-13D4ACE684BE}
	EndGlobalSection
EndGlobal
